
Microsoft Visual Studio Solution File, Format Version 12.00
# Visual Studio 15
VisualStudioVersion = 15.0.27130.2027
MinimumVisualStudioVersion = 10.0.40219.1
Project("{FAE04EC0-301F-11D3-BF4B-00C04F79EFBC}") = "Minedraft", "Minedraft.csproj", "{2B8E833A-8D75-44C5-A88A-9B4B9FE1C036}"
EndProject
Project("{FAE04EC0-301F-11D3-BF4B-00C04F79EFBC}") = "MyUnitTests", "MyUnitTests\MyUnitTests.csproj", "{682D6B62-46B3-4163-B8A3-49BC813499A7}"
EndProject
Project("{9A19103F-16F7-4668-BE54-9A1E7A4F7556}") = "JudgeTests", "JudgeTests\JudgeTests.csproj", "{E6EB9100-F28D-4F28-A69A-02BB0EA10BFC}"
EndProject
Global
	GlobalSection(SolutionConfigurationPlatforms) = preSolution
		Debug|Any CPU = Debug|Any CPU
		Release|Any CPU = Release|Any CPU
	EndGlobalSection
	GlobalSection(ProjectConfigurationPlatforms) = postSolution
		{2B8E833A-8D75-44C5-A88A-9B4B9FE1C036}.Debug|Any CPU.ActiveCfg = Debug|Any CPU
		{2B8E833A-8D75-44C5-A88A-9B4B9FE1C036}.Debug|Any CPU.Build.0 = Debug|Any CPU
		{2B8E833A-8D75-44C5-A88A-9B4B9FE1C036}.Release|Any CPU.ActiveCfg = Release|Any CPU
		{2B8E833A-8D75-44C5-A88A-9B4B9FE1C036}.Release|Any CPU.Build.0 = Release|Any CPU
		{682D6B62-46B3-4163-B8A3-49BC813499A7}.Debug|Any CPU.ActiveCfg = Debug|Any CPU
		{682D6B62-46B3-4163-B8A3-49BC813499A7}.Debug|Any CPU.Build.0 = Debug|Any CPU
		{682D6B62-46B3-4163-B8A3-49BC813499A7}.Release|Any CPU.ActiveCfg = Release|Any CPU
		{682D6B62-46B3-4163-B8A3-49BC813499A7}.Release|Any CPU.Build.0 = Release|Any CPU
		{E6EB9100-F28D-4F28-A69A-02BB0EA10BFC}.Debug|Any CPU.ActiveCfg = Debug|Any CPU
		{E6EB9100-F28D-4F28-A69A-02BB0EA10BFC}.Debug|Any CPU.Build.0 = Debug|Any CPU
		{E6EB9100-F28D-4F28-A69A-02BB0EA10BFC}.Release|Any CPU.ActiveCfg = Release|Any CPU
		{E6EB9100-F28D-4F28-A69A-02BB0EA10BFC}.Release|Any CPU.Build.0 = Release|Any CPU
	EndGlobalSection
	GlobalSection(SolutionProperties) = preSolution
		HideSolutionNode = FALSE
	EndGlobalSection
	GlobalSection(ExtensibilityGlobals) = postSolution
		SolutionGuid = {8F8DC8E2-F505-4DFD-8EE5-8E2B67EC93B7}
	EndGlobalSection
EndGlobal
