
Microsoft Visual Studio Solution File, Format Version 12.00
# Visual Studio 15
VisualStudioVersion = 15.0.27703.2000
MinimumVisualStudioVersion = 10.0.40219.1
Project("{FAE04EC0-301F-11D3-BF4B-00C04F79EFBC}") = "01. Box of T", "01. Box of T\01. Box of T.csproj", "{C6B2592B-A969-41EE-9BF5-EFCBAFBAC92D}"
EndProject
Project("{FAE04EC0-301F-11D3-BF4B-00C04F79EFBC}") = "02. Generic Array Creator", "02. Generic Array Creator\02. Generic Array Creator.csproj", "{0F09A09A-51F9-43DF-8058-A568D5A76765}"
EndProject
Project("{FAE04EC0-301F-11D3-BF4B-00C04F79EFBC}") = "03. Generic Scale", "03. Generic Scale\03. Generic Scale.csproj", "{05F1CC62-FB11-4217-957A-47F8EC75750F}"
EndProject
Global
	GlobalSection(SolutionConfigurationPlatforms) = preSolution
		Debug|Any CPU = Debug|Any CPU
		Release|Any CPU = Release|Any CPU
	EndGlobalSection
	GlobalSection(ProjectConfigurationPlatforms) = postSolution
		{C6B2592B-A969-41EE-9BF5-EFCBAFBAC92D}.Debug|Any CPU.ActiveCfg = Debug|Any CPU
		{C6B2592B-A969-41EE-9BF5-EFCBAFBAC92D}.Debug|Any CPU.Build.0 = Debug|Any CPU
		{C6B2592B-A969-41EE-9BF5-EFCBAFBAC92D}.Release|Any CPU.ActiveCfg = Release|Any CPU
		{C6B2592B-A969-41EE-9BF5-EFCBAFBAC92D}.Release|Any CPU.Build.0 = Release|Any CPU
		{0F09A09A-51F9-43DF-8058-A568D5A76765}.Debug|Any CPU.ActiveCfg = Debug|Any CPU
		{0F09A09A-51F9-43DF-8058-A568D5A76765}.Debug|Any CPU.Build.0 = Debug|Any CPU
		{0F09A09A-51F9-43DF-8058-A568D5A76765}.Release|Any CPU.ActiveCfg = Release|Any CPU
		{0F09A09A-51F9-43DF-8058-A568D5A76765}.Release|Any CPU.Build.0 = Release|Any CPU
		{05F1CC62-FB11-4217-957A-47F8EC75750F}.Debug|Any CPU.ActiveCfg = Debug|Any CPU
		{05F1CC62-FB11-4217-957A-47F8EC75750F}.Debug|Any CPU.Build.0 = Debug|Any CPU
		{05F1CC62-FB11-4217-957A-47F8EC75750F}.Release|Any CPU.ActiveCfg = Release|Any CPU
		{05F1CC62-FB11-4217-957A-47F8EC75750F}.Release|Any CPU.Build.0 = Release|Any CPU
	EndGlobalSection
	GlobalSection(SolutionProperties) = preSolution
		HideSolutionNode = FALSE
	EndGlobalSection
	GlobalSection(ExtensibilityGlobals) = postSolution
		SolutionGuid = {5415C72D-9B02-409E-94D6-748C86C0E16C}
	EndGlobalSection
EndGlobal
