
Microsoft Visual Studio Solution File, Format Version 12.00
# Visual Studio 15
VisualStudioVersion = 15.0.27428.2037
MinimumVisualStudioVersion = 10.0.40219.1
Project("{FAE04EC0-301F-11D3-BF4B-00C04F79EFBC}") = "01. Remove Negatives and Reverse", "01. Remove Negatives and Reverse\01. Remove Negatives and Reverse.csproj", "{0FC5E3FD-2B70-4388-A338-6F29B4A24841}"
EndProject
Project("{FAE04EC0-301F-11D3-BF4B-00C04F79EFBC}") = "02. Append Lists", "02. Append Lists\02. Append Lists.csproj", "{060EF89E-D50D-4C36-ADDA-001E6D52480D}"
EndProject
Project("{FAE04EC0-301F-11D3-BF4B-00C04F79EFBC}") = "03. Sum Adjacent Equal Numbers", "03. Sum Adjacent Equal Numbers\03. Sum Adjacent Equal Numbers.csproj", "{4F0E30E8-5DFE-42F1-8AB5-4338A86E5882}"
EndProject
Project("{FAE04EC0-301F-11D3-BF4B-00C04F79EFBC}") = "04. Split by Word Casing", "04. Split by Word Casing\04. Split by Word Casing.csproj", "{36D294D7-21F4-4518-A03B-4964295953AB}"
EndProject
Project("{FAE04EC0-301F-11D3-BF4B-00C04F79EFBC}") = "05. Sort Numbers", "05. Sort Numbers\05. Sort Numbers.csproj", "{29A380F9-1254-492C-8BA5-9D1408410450}"
EndProject
Project("{FAE04EC0-301F-11D3-BF4B-00C04F79EFBC}") = "06. Square Numbers", "06. Square Numbers\06. Square Numbers.csproj", "{2D9BBB15-677E-46E9-906D-6621F921EA79}"
EndProject
Project("{FAE04EC0-301F-11D3-BF4B-00C04F79EFBC}") = "07. Count Numbers", "07. Count Numbers\07. Count Numbers.csproj", "{631CDBD4-D9C1-4E3B-ACD5-391025A07743}"
EndProject
Global
	GlobalSection(SolutionConfigurationPlatforms) = preSolution
		Debug|Any CPU = Debug|Any CPU
		Release|Any CPU = Release|Any CPU
	EndGlobalSection
	GlobalSection(ProjectConfigurationPlatforms) = postSolution
		{0FC5E3FD-2B70-4388-A338-6F29B4A24841}.Debug|Any CPU.ActiveCfg = Debug|Any CPU
		{0FC5E3FD-2B70-4388-A338-6F29B4A24841}.Debug|Any CPU.Build.0 = Debug|Any CPU
		{0FC5E3FD-2B70-4388-A338-6F29B4A24841}.Release|Any CPU.ActiveCfg = Release|Any CPU
		{0FC5E3FD-2B70-4388-A338-6F29B4A24841}.Release|Any CPU.Build.0 = Release|Any CPU
		{060EF89E-D50D-4C36-ADDA-001E6D52480D}.Debug|Any CPU.ActiveCfg = Debug|Any CPU
		{060EF89E-D50D-4C36-ADDA-001E6D52480D}.Debug|Any CPU.Build.0 = Debug|Any CPU
		{060EF89E-D50D-4C36-ADDA-001E6D52480D}.Release|Any CPU.ActiveCfg = Release|Any CPU
		{060EF89E-D50D-4C36-ADDA-001E6D52480D}.Release|Any CPU.Build.0 = Release|Any CPU
		{4F0E30E8-5DFE-42F1-8AB5-4338A86E5882}.Debug|Any CPU.ActiveCfg = Debug|Any CPU
		{4F0E30E8-5DFE-42F1-8AB5-4338A86E5882}.Debug|Any CPU.Build.0 = Debug|Any CPU
		{4F0E30E8-5DFE-42F1-8AB5-4338A86E5882}.Release|Any CPU.ActiveCfg = Release|Any CPU
		{4F0E30E8-5DFE-42F1-8AB5-4338A86E5882}.Release|Any CPU.Build.0 = Release|Any CPU
		{36D294D7-21F4-4518-A03B-4964295953AB}.Debug|Any CPU.ActiveCfg = Debug|Any CPU
		{36D294D7-21F4-4518-A03B-4964295953AB}.Debug|Any CPU.Build.0 = Debug|Any CPU
		{36D294D7-21F4-4518-A03B-4964295953AB}.Release|Any CPU.ActiveCfg = Release|Any CPU
		{36D294D7-21F4-4518-A03B-4964295953AB}.Release|Any CPU.Build.0 = Release|Any CPU
		{29A380F9-1254-492C-8BA5-9D1408410450}.Debug|Any CPU.ActiveCfg = Debug|Any CPU
		{29A380F9-1254-492C-8BA5-9D1408410450}.Debug|Any CPU.Build.0 = Debug|Any CPU
		{29A380F9-1254-492C-8BA5-9D1408410450}.Release|Any CPU.ActiveCfg = Release|Any CPU
		{29A380F9-1254-492C-8BA5-9D1408410450}.Release|Any CPU.Build.0 = Release|Any CPU
		{2D9BBB15-677E-46E9-906D-6621F921EA79}.Debug|Any CPU.ActiveCfg = Debug|Any CPU
		{2D9BBB15-677E-46E9-906D-6621F921EA79}.Debug|Any CPU.Build.0 = Debug|Any CPU
		{2D9BBB15-677E-46E9-906D-6621F921EA79}.Release|Any CPU.ActiveCfg = Release|Any CPU
		{2D9BBB15-677E-46E9-906D-6621F921EA79}.Release|Any CPU.Build.0 = Release|Any CPU
		{631CDBD4-D9C1-4E3B-ACD5-391025A07743}.Debug|Any CPU.ActiveCfg = Debug|Any CPU
		{631CDBD4-D9C1-4E3B-ACD5-391025A07743}.Debug|Any CPU.Build.0 = Debug|Any CPU
		{631CDBD4-D9C1-4E3B-ACD5-391025A07743}.Release|Any CPU.ActiveCfg = Release|Any CPU
		{631CDBD4-D9C1-4E3B-ACD5-391025A07743}.Release|Any CPU.Build.0 = Release|Any CPU
	EndGlobalSection
	GlobalSection(SolutionProperties) = preSolution
		HideSolutionNode = FALSE
	EndGlobalSection
	GlobalSection(ExtensibilityGlobals) = postSolution
		SolutionGuid = {3AABB1F9-E83E-400F-88FF-D288B4CB3C66}
	EndGlobalSection
EndGlobal
