
Microsoft Visual Studio Solution File, Format Version 12.00
# Visual Studio 15
VisualStudioVersion = 15.0.27703.2000
MinimumVisualStudioVersion = 10.0.40219.1
Project("{FAE04EC0-301F-11D3-BF4B-00C04F79EFBC}") = "01. MathOperation", "01. MathOperation\01. MathOperation.csproj", "{9AB14464-D8E0-481F-8921-E23EBC657366}"
EndProject
Project("{FAE04EC0-301F-11D3-BF4B-00C04F79EFBC}") = "02. Animals", "02. Animals\02. Animals.csproj", "{FCD46CB0-683B-4C35-920C-006299ED1B6A}"
EndProject
Project("{9A19103F-16F7-4668-BE54-9A1E7A4F7556}") = "03. Shapes", "03. Shapes\03. Shapes.csproj", "{E9D1860B-8B79-407F-8194-0ED11DBBBCD1}"
EndProject
Global
	GlobalSection(SolutionConfigurationPlatforms) = preSolution
		Debug|Any CPU = Debug|Any CPU
		Release|Any CPU = Release|Any CPU
	EndGlobalSection
	GlobalSection(ProjectConfigurationPlatforms) = postSolution
		{9AB14464-D8E0-481F-8921-E23EBC657366}.Debug|Any CPU.ActiveCfg = Debug|Any CPU
		{9AB14464-D8E0-481F-8921-E23EBC657366}.Debug|Any CPU.Build.0 = Debug|Any CPU
		{9AB14464-D8E0-481F-8921-E23EBC657366}.Release|Any CPU.ActiveCfg = Release|Any CPU
		{9AB14464-D8E0-481F-8921-E23EBC657366}.Release|Any CPU.Build.0 = Release|Any CPU
		{FCD46CB0-683B-4C35-920C-006299ED1B6A}.Debug|Any CPU.ActiveCfg = Debug|Any CPU
		{FCD46CB0-683B-4C35-920C-006299ED1B6A}.Debug|Any CPU.Build.0 = Debug|Any CPU
		{FCD46CB0-683B-4C35-920C-006299ED1B6A}.Release|Any CPU.ActiveCfg = Release|Any CPU
		{FCD46CB0-683B-4C35-920C-006299ED1B6A}.Release|Any CPU.Build.0 = Release|Any CPU
		{E9D1860B-8B79-407F-8194-0ED11DBBBCD1}.Debug|Any CPU.ActiveCfg = Debug|Any CPU
		{E9D1860B-8B79-407F-8194-0ED11DBBBCD1}.Debug|Any CPU.Build.0 = Debug|Any CPU
		{E9D1860B-8B79-407F-8194-0ED11DBBBCD1}.Release|Any CPU.ActiveCfg = Release|Any CPU
		{E9D1860B-8B79-407F-8194-0ED11DBBBCD1}.Release|Any CPU.Build.0 = Release|Any CPU
	EndGlobalSection
	GlobalSection(SolutionProperties) = preSolution
		HideSolutionNode = FALSE
	EndGlobalSection
	GlobalSection(ExtensibilityGlobals) = postSolution
		SolutionGuid = {CFBBEB9C-6373-47A2-9A90-0256C48ACC87}
	EndGlobalSection
EndGlobal
