
Microsoft Visual Studio Solution File, Format Version 12.00
# Visual Studio 15
VisualStudioVersion = 15.0.27703.2042
MinimumVisualStudioVersion = 10.0.40219.1
Project("{9A19103F-16F7-4668-BE54-9A1E7A4F7556}") = "CarDealer.App", "CarDealer.App\CarDealer.App.csproj", "{5BE0F8CE-13B0-4D16-915A-01593A8B8C2E}"
EndProject
Project("{9A19103F-16F7-4668-BE54-9A1E7A4F7556}") = "CarDealer.Data", "CarDealer.Data\CarDealer.Data.csproj", "{E3424D3B-CA18-4A94-B211-B81DC35FA022}"
EndProject
Project("{9A19103F-16F7-4668-BE54-9A1E7A4F7556}") = "CarDealer.Models", "CarDealer.Models\CarDealer.Models.csproj", "{63944706-30F3-4676-9CC3-C43968CB6AF4}"
EndProject
Project("{FAE04EC0-301F-11D3-BF4B-00C04F79EFBC}") = "CarDealer.DataProcessor", "CarDealer.DataProcessor\CarDealer.DataProcessor.csproj", "{5547A085-6092-4E91-8CA3-FD864DAC4CEC}"
EndProject
Global
	GlobalSection(SolutionConfigurationPlatforms) = preSolution
		Debug|Any CPU = Debug|Any CPU
		Release|Any CPU = Release|Any CPU
	EndGlobalSection
	GlobalSection(ProjectConfigurationPlatforms) = postSolution
		{5BE0F8CE-13B0-4D16-915A-01593A8B8C2E}.Debug|Any CPU.ActiveCfg = Debug|Any CPU
		{5BE0F8CE-13B0-4D16-915A-01593A8B8C2E}.Debug|Any CPU.Build.0 = Debug|Any CPU
		{5BE0F8CE-13B0-4D16-915A-01593A8B8C2E}.Release|Any CPU.ActiveCfg = Release|Any CPU
		{5BE0F8CE-13B0-4D16-915A-01593A8B8C2E}.Release|Any CPU.Build.0 = Release|Any CPU
		{E3424D3B-CA18-4A94-B211-B81DC35FA022}.Debug|Any CPU.ActiveCfg = Debug|Any CPU
		{E3424D3B-CA18-4A94-B211-B81DC35FA022}.Debug|Any CPU.Build.0 = Debug|Any CPU
		{E3424D3B-CA18-4A94-B211-B81DC35FA022}.Release|Any CPU.ActiveCfg = Release|Any CPU
		{E3424D3B-CA18-4A94-B211-B81DC35FA022}.Release|Any CPU.Build.0 = Release|Any CPU
		{63944706-30F3-4676-9CC3-C43968CB6AF4}.Debug|Any CPU.ActiveCfg = Debug|Any CPU
		{63944706-30F3-4676-9CC3-C43968CB6AF4}.Debug|Any CPU.Build.0 = Debug|Any CPU
		{63944706-30F3-4676-9CC3-C43968CB6AF4}.Release|Any CPU.ActiveCfg = Release|Any CPU
		{63944706-30F3-4676-9CC3-C43968CB6AF4}.Release|Any CPU.Build.0 = Release|Any CPU
		{5547A085-6092-4E91-8CA3-FD864DAC4CEC}.Debug|Any CPU.ActiveCfg = Debug|Any CPU
		{5547A085-6092-4E91-8CA3-FD864DAC4CEC}.Debug|Any CPU.Build.0 = Debug|Any CPU
		{5547A085-6092-4E91-8CA3-FD864DAC4CEC}.Release|Any CPU.ActiveCfg = Release|Any CPU
		{5547A085-6092-4E91-8CA3-FD864DAC4CEC}.Release|Any CPU.Build.0 = Release|Any CPU
	EndGlobalSection
	GlobalSection(SolutionProperties) = preSolution
		HideSolutionNode = FALSE
	EndGlobalSection
	GlobalSection(ExtensibilityGlobals) = postSolution
		SolutionGuid = {CBE8A61E-E66E-4480-9F32-2F54D2A6C8EB}
	EndGlobalSection
EndGlobal
