
Microsoft Visual Studio Solution File, Format Version 12.00
# Visual Studio 15
VisualStudioVersion = 15.0.26430.14
MinimumVisualStudioVersion = 10.0.40219.1
Project("{FAE04EC0-301F-11D3-BF4B-00C04F79EFBC}") = "WorkHours180317", "WorkHours180317\WorkHours180317.csproj", "{4CADA50C-DAA7-410E-B505-EBF4BE8CFBBA}"
EndProject
Project("{FAE04EC0-301F-11D3-BF4B-00C04F79EFBC}") = "CarToGo180317", "CarToGo180317\CarToGo180317.csproj", "{DFDB7845-61D0-4B2F-8CA8-14A59073C2B2}"
EndProject
Project("{FAE04EC0-301F-11D3-BF4B-00C04F79EFBC}") = "HousePainting190317", "HousePainting190317\HousePainting190317.csproj", "{4341DBE5-7570-4A73-A8F6-E08EA403B47E}"
EndProject
Project("{FAE04EC0-301F-11D3-BF4B-00C04F79EFBC}") = "Cups180317", "Cups180317\Cups180317.csproj", "{8C380562-F803-46ED-B3EC-0FA3DEA82639}"
EndProject
Project("{FAE04EC0-301F-11D3-BF4B-00C04F79EFBC}") = "TrainersSalary180317", "TrainersSalary180317\TrainersSalary180317.csproj", "{2B4D7457-EC78-4113-9F50-14C046B09FCE}"
EndProject
Project("{FAE04EC0-301F-11D3-BF4B-00C04F79EFBC}") = "GrapeAndRakia190317", "GrapeAndRakia190317\GrapeAndRakia190317.csproj", "{CA7CCF0E-4345-45EE-9366-5D59B1FF4AA0}"
EndProject
Project("{FAE04EC0-301F-11D3-BF4B-00C04F79EFBC}") = "Styrofoam190317", "Styrofoam190317\Styrofoam190317.csproj", "{C5954B39-9995-42B4-B1EB-ADC6210FA359}"
EndProject
Project("{FAE04EC0-301F-11D3-BF4B-00C04F79EFBC}") = "TruckDriver190317", "TruckDriver190317\TruckDriver190317.csproj", "{7310CDFC-97A4-447A-A4F2-DE10545E3759}"
EndProject
Project("{FAE04EC0-301F-11D3-BF4B-00C04F79EFBC}") = "Bills190317", "Bills190317\Bills190317.csproj", "{027A8676-136D-43C6-A962-1B8FE6867406}"
EndProject
Project("{FAE04EC0-301F-11D3-BF4B-00C04F79EFBC}") = "Distance181216", "Distance181216\Distance181216.csproj", "{3FBE298D-C3B6-4F46-AE6D-03B9B422D50A}"
EndProject
Project("{FAE04EC0-301F-11D3-BF4B-00C04F79EFBC}") = "ChangeTiles181216", "ChangeTiles181216\ChangeTiles181216.csproj", "{8AA1EDA8-01A4-4688-B655-C41FBC4910E2}"
EndProject
Project("{FAE04EC0-301F-11D3-BF4B-00C04F79EFBC}") = "HousePrice181116", "HousePrice181116\HousePrice181116.csproj", "{F3A30877-13DB-4C91-99F6-4399EF432157}"
EndProject
Project("{FAE04EC0-301F-11D3-BF4B-00C04F79EFBC}") = "FlowerShop181116", "FlowerShop181116\FlowerShop181116.csproj", "{398FFC13-DF64-4D89-86DE-02CFF09C48F9}"
EndProject
Project("{FAE04EC0-301F-11D3-BF4B-00C04F79EFBC}") = "BikeRace181116", "BikeRace181116\BikeRace181116.csproj", "{3B6880C7-C65B-47D8-A28E-7777C846C97E}"
EndProject
Project("{FAE04EC0-301F-11D3-BF4B-00C04F79EFBC}") = "Logistics181116", "Logistics181116\Logistics181116.csproj", "{D6372464-9FC6-47F4-88DD-52D34166841C}"
EndProject
Project("{FAE04EC0-301F-11D3-BF4B-00C04F79EFBC}") = "Rocket181116", "Rocket181116\Rocket181116.csproj", "{06DF1222-C3CC-4181-B886-75049BC32AF2}"
EndProject
Project("{FAE04EC0-301F-11D3-BF4B-00C04F79EFBC}") = "Flowers181216", "Flowers181216\Flowers181216.csproj", "{189A7364-D1C8-4106-BF3D-1704CF2C0E35}"
EndProject
Global
	GlobalSection(SolutionConfigurationPlatforms) = preSolution
		Debug|Any CPU = Debug|Any CPU
		Release|Any CPU = Release|Any CPU
	EndGlobalSection
	GlobalSection(ProjectConfigurationPlatforms) = postSolution
		{4CADA50C-DAA7-410E-B505-EBF4BE8CFBBA}.Debug|Any CPU.ActiveCfg = Debug|Any CPU
		{4CADA50C-DAA7-410E-B505-EBF4BE8CFBBA}.Debug|Any CPU.Build.0 = Debug|Any CPU
		{4CADA50C-DAA7-410E-B505-EBF4BE8CFBBA}.Release|Any CPU.ActiveCfg = Release|Any CPU
		{4CADA50C-DAA7-410E-B505-EBF4BE8CFBBA}.Release|Any CPU.Build.0 = Release|Any CPU
		{DFDB7845-61D0-4B2F-8CA8-14A59073C2B2}.Debug|Any CPU.ActiveCfg = Debug|Any CPU
		{DFDB7845-61D0-4B2F-8CA8-14A59073C2B2}.Debug|Any CPU.Build.0 = Debug|Any CPU
		{DFDB7845-61D0-4B2F-8CA8-14A59073C2B2}.Release|Any CPU.ActiveCfg = Release|Any CPU
		{DFDB7845-61D0-4B2F-8CA8-14A59073C2B2}.Release|Any CPU.Build.0 = Release|Any CPU
		{4341DBE5-7570-4A73-A8F6-E08EA403B47E}.Debug|Any CPU.ActiveCfg = Debug|Any CPU
		{4341DBE5-7570-4A73-A8F6-E08EA403B47E}.Debug|Any CPU.Build.0 = Debug|Any CPU
		{4341DBE5-7570-4A73-A8F6-E08EA403B47E}.Release|Any CPU.ActiveCfg = Release|Any CPU
		{4341DBE5-7570-4A73-A8F6-E08EA403B47E}.Release|Any CPU.Build.0 = Release|Any CPU
		{8C380562-F803-46ED-B3EC-0FA3DEA82639}.Debug|Any CPU.ActiveCfg = Debug|Any CPU
		{8C380562-F803-46ED-B3EC-0FA3DEA82639}.Debug|Any CPU.Build.0 = Debug|Any CPU
		{8C380562-F803-46ED-B3EC-0FA3DEA82639}.Release|Any CPU.ActiveCfg = Release|Any CPU
		{8C380562-F803-46ED-B3EC-0FA3DEA82639}.Release|Any CPU.Build.0 = Release|Any CPU
		{2B4D7457-EC78-4113-9F50-14C046B09FCE}.Debug|Any CPU.ActiveCfg = Debug|Any CPU
		{2B4D7457-EC78-4113-9F50-14C046B09FCE}.Debug|Any CPU.Build.0 = Debug|Any CPU
		{2B4D7457-EC78-4113-9F50-14C046B09FCE}.Release|Any CPU.ActiveCfg = Release|Any CPU
		{2B4D7457-EC78-4113-9F50-14C046B09FCE}.Release|Any CPU.Build.0 = Release|Any CPU
		{CA7CCF0E-4345-45EE-9366-5D59B1FF4AA0}.Debug|Any CPU.ActiveCfg = Debug|Any CPU
		{CA7CCF0E-4345-45EE-9366-5D59B1FF4AA0}.Debug|Any CPU.Build.0 = Debug|Any CPU
		{CA7CCF0E-4345-45EE-9366-5D59B1FF4AA0}.Release|Any CPU.ActiveCfg = Release|Any CPU
		{CA7CCF0E-4345-45EE-9366-5D59B1FF4AA0}.Release|Any CPU.Build.0 = Release|Any CPU
		{C5954B39-9995-42B4-B1EB-ADC6210FA359}.Debug|Any CPU.ActiveCfg = Debug|Any CPU
		{C5954B39-9995-42B4-B1EB-ADC6210FA359}.Debug|Any CPU.Build.0 = Debug|Any CPU
		{C5954B39-9995-42B4-B1EB-ADC6210FA359}.Release|Any CPU.ActiveCfg = Release|Any CPU
		{C5954B39-9995-42B4-B1EB-ADC6210FA359}.Release|Any CPU.Build.0 = Release|Any CPU
		{7310CDFC-97A4-447A-A4F2-DE10545E3759}.Debug|Any CPU.ActiveCfg = Debug|Any CPU
		{7310CDFC-97A4-447A-A4F2-DE10545E3759}.Debug|Any CPU.Build.0 = Debug|Any CPU
		{7310CDFC-97A4-447A-A4F2-DE10545E3759}.Release|Any CPU.ActiveCfg = Release|Any CPU
		{7310CDFC-97A4-447A-A4F2-DE10545E3759}.Release|Any CPU.Build.0 = Release|Any CPU
		{027A8676-136D-43C6-A962-1B8FE6867406}.Debug|Any CPU.ActiveCfg = Debug|Any CPU
		{027A8676-136D-43C6-A962-1B8FE6867406}.Debug|Any CPU.Build.0 = Debug|Any CPU
		{027A8676-136D-43C6-A962-1B8FE6867406}.Release|Any CPU.ActiveCfg = Release|Any CPU
		{027A8676-136D-43C6-A962-1B8FE6867406}.Release|Any CPU.Build.0 = Release|Any CPU
		{3FBE298D-C3B6-4F46-AE6D-03B9B422D50A}.Debug|Any CPU.ActiveCfg = Debug|Any CPU
		{3FBE298D-C3B6-4F46-AE6D-03B9B422D50A}.Debug|Any CPU.Build.0 = Debug|Any CPU
		{3FBE298D-C3B6-4F46-AE6D-03B9B422D50A}.Release|Any CPU.ActiveCfg = Release|Any CPU
		{3FBE298D-C3B6-4F46-AE6D-03B9B422D50A}.Release|Any CPU.Build.0 = Release|Any CPU
		{8AA1EDA8-01A4-4688-B655-C41FBC4910E2}.Debug|Any CPU.ActiveCfg = Debug|Any CPU
		{8AA1EDA8-01A4-4688-B655-C41FBC4910E2}.Debug|Any CPU.Build.0 = Debug|Any CPU
		{8AA1EDA8-01A4-4688-B655-C41FBC4910E2}.Release|Any CPU.ActiveCfg = Release|Any CPU
		{8AA1EDA8-01A4-4688-B655-C41FBC4910E2}.Release|Any CPU.Build.0 = Release|Any CPU
		{F3A30877-13DB-4C91-99F6-4399EF432157}.Debug|Any CPU.ActiveCfg = Debug|Any CPU
		{F3A30877-13DB-4C91-99F6-4399EF432157}.Debug|Any CPU.Build.0 = Debug|Any CPU
		{F3A30877-13DB-4C91-99F6-4399EF432157}.Release|Any CPU.ActiveCfg = Release|Any CPU
		{F3A30877-13DB-4C91-99F6-4399EF432157}.Release|Any CPU.Build.0 = Release|Any CPU
		{398FFC13-DF64-4D89-86DE-02CFF09C48F9}.Debug|Any CPU.ActiveCfg = Debug|Any CPU
		{398FFC13-DF64-4D89-86DE-02CFF09C48F9}.Debug|Any CPU.Build.0 = Debug|Any CPU
		{398FFC13-DF64-4D89-86DE-02CFF09C48F9}.Release|Any CPU.ActiveCfg = Release|Any CPU
		{398FFC13-DF64-4D89-86DE-02CFF09C48F9}.Release|Any CPU.Build.0 = Release|Any CPU
		{3B6880C7-C65B-47D8-A28E-7777C846C97E}.Debug|Any CPU.ActiveCfg = Debug|Any CPU
		{3B6880C7-C65B-47D8-A28E-7777C846C97E}.Debug|Any CPU.Build.0 = Debug|Any CPU
		{3B6880C7-C65B-47D8-A28E-7777C846C97E}.Release|Any CPU.ActiveCfg = Release|Any CPU
		{3B6880C7-C65B-47D8-A28E-7777C846C97E}.Release|Any CPU.Build.0 = Release|Any CPU
		{D6372464-9FC6-47F4-88DD-52D34166841C}.Debug|Any CPU.ActiveCfg = Debug|Any CPU
		{D6372464-9FC6-47F4-88DD-52D34166841C}.Debug|Any CPU.Build.0 = Debug|Any CPU
		{D6372464-9FC6-47F4-88DD-52D34166841C}.Release|Any CPU.ActiveCfg = Release|Any CPU
		{D6372464-9FC6-47F4-88DD-52D34166841C}.Release|Any CPU.Build.0 = Release|Any CPU
		{06DF1222-C3CC-4181-B886-75049BC32AF2}.Debug|Any CPU.ActiveCfg = Debug|Any CPU
		{06DF1222-C3CC-4181-B886-75049BC32AF2}.Debug|Any CPU.Build.0 = Debug|Any CPU
		{06DF1222-C3CC-4181-B886-75049BC32AF2}.Release|Any CPU.ActiveCfg = Release|Any CPU
		{06DF1222-C3CC-4181-B886-75049BC32AF2}.Release|Any CPU.Build.0 = Release|Any CPU
		{189A7364-D1C8-4106-BF3D-1704CF2C0E35}.Debug|Any CPU.ActiveCfg = Debug|Any CPU
		{189A7364-D1C8-4106-BF3D-1704CF2C0E35}.Debug|Any CPU.Build.0 = Debug|Any CPU
		{189A7364-D1C8-4106-BF3D-1704CF2C0E35}.Release|Any CPU.ActiveCfg = Release|Any CPU
		{189A7364-D1C8-4106-BF3D-1704CF2C0E35}.Release|Any CPU.Build.0 = Release|Any CPU
	EndGlobalSection
	GlobalSection(SolutionProperties) = preSolution
		HideSolutionNode = FALSE
	EndGlobalSection
EndGlobal
