
Microsoft Visual Studio Solution File, Format Version 12.00
# Visual Studio 15
VisualStudioVersion = 15.0.26730.16
MinimumVisualStudioVersion = 10.0.40219.1
Project("{FAE04EC0-301F-11D3-BF4B-00C04F79EFBC}") = "Regeh", "Regeh\Regeh.csproj", "{BE941CB5-C62C-465C-AE4B-76A2A4485682}"
EndProject
Project("{FAE04EC0-301F-11D3-BF4B-00C04F79EFBC}") = "KnightGame", "KnightGame\KnightGame.csproj", "{51E9A05B-2A0D-4AFD-888B-0F3AD6FA92AC}"
EndProject
Project("{FAE04EC0-301F-11D3-BF4B-00C04F79EFBC}") = "NumberWars", "NumberWars\NumberWars.csproj", "{4692F14F-2529-4B2D-BEDD-889C5C0E0994}"
EndProject
Project("{FAE04EC0-301F-11D3-BF4B-00C04F79EFBC}") = "Hospital", "Hospital\Hospital.csproj", "{BF91218D-C8D3-48AE-96A6-9CD5045A01D1}"
EndProject
Global
	GlobalSection(SolutionConfigurationPlatforms) = preSolution
		Debug|Any CPU = Debug|Any CPU
		Release|Any CPU = Release|Any CPU
	EndGlobalSection
	GlobalSection(ProjectConfigurationPlatforms) = postSolution
		{BE941CB5-C62C-465C-AE4B-76A2A4485682}.Debug|Any CPU.ActiveCfg = Debug|Any CPU
		{BE941CB5-C62C-465C-AE4B-76A2A4485682}.Debug|Any CPU.Build.0 = Debug|Any CPU
		{BE941CB5-C62C-465C-AE4B-76A2A4485682}.Release|Any CPU.ActiveCfg = Release|Any CPU
		{BE941CB5-C62C-465C-AE4B-76A2A4485682}.Release|Any CPU.Build.0 = Release|Any CPU
		{51E9A05B-2A0D-4AFD-888B-0F3AD6FA92AC}.Debug|Any CPU.ActiveCfg = Debug|Any CPU
		{51E9A05B-2A0D-4AFD-888B-0F3AD6FA92AC}.Debug|Any CPU.Build.0 = Debug|Any CPU
		{51E9A05B-2A0D-4AFD-888B-0F3AD6FA92AC}.Release|Any CPU.ActiveCfg = Release|Any CPU
		{51E9A05B-2A0D-4AFD-888B-0F3AD6FA92AC}.Release|Any CPU.Build.0 = Release|Any CPU
		{4692F14F-2529-4B2D-BEDD-889C5C0E0994}.Debug|Any CPU.ActiveCfg = Debug|Any CPU
		{4692F14F-2529-4B2D-BEDD-889C5C0E0994}.Debug|Any CPU.Build.0 = Debug|Any CPU
		{4692F14F-2529-4B2D-BEDD-889C5C0E0994}.Release|Any CPU.ActiveCfg = Release|Any CPU
		{4692F14F-2529-4B2D-BEDD-889C5C0E0994}.Release|Any CPU.Build.0 = Release|Any CPU
		{BF91218D-C8D3-48AE-96A6-9CD5045A01D1}.Debug|Any CPU.ActiveCfg = Debug|Any CPU
		{BF91218D-C8D3-48AE-96A6-9CD5045A01D1}.Debug|Any CPU.Build.0 = Debug|Any CPU
		{BF91218D-C8D3-48AE-96A6-9CD5045A01D1}.Release|Any CPU.ActiveCfg = Release|Any CPU
		{BF91218D-C8D3-48AE-96A6-9CD5045A01D1}.Release|Any CPU.Build.0 = Release|Any CPU
	EndGlobalSection
	GlobalSection(SolutionProperties) = preSolution
		HideSolutionNode = FALSE
	EndGlobalSection
	GlobalSection(ExtensibilityGlobals) = postSolution
		SolutionGuid = {BF23D433-3163-4181-A3A0-1CB8149651B4}
	EndGlobalSection
EndGlobal
