
Microsoft Visual Studio Solution File, Format Version 12.00
# Visual Studio 15
VisualStudioVersion = 15.0.27703.2000
MinimumVisualStudioVersion = 10.0.40219.1
Project("{9A19103F-16F7-4668-BE54-9A1E7A4F7556}") = "Skeleton", "Skeleton\Skeleton.csproj", "{BE0EA269-7C78-4EC5-ADB9-B89C127DD216}"
EndProject
Project("{9A19103F-16F7-4668-BE54-9A1E7A4F7556}") = "SkeletonTests", "SkeletonTests\SkeletonTests.csproj", "{648085C1-B34E-4B6E-9960-64BD99A39742}"
EndProject
Global
	GlobalSection(SolutionConfigurationPlatforms) = preSolution
		Debug|Any CPU = Debug|Any CPU
		Release|Any CPU = Release|Any CPU
	EndGlobalSection
	GlobalSection(ProjectConfigurationPlatforms) = postSolution
		{BE0EA269-7C78-4EC5-ADB9-B89C127DD216}.Debug|Any CPU.ActiveCfg = Debug|Any CPU
		{BE0EA269-7C78-4EC5-ADB9-B89C127DD216}.Debug|Any CPU.Build.0 = Debug|Any CPU
		{BE0EA269-7C78-4EC5-ADB9-B89C127DD216}.Release|Any CPU.ActiveCfg = Release|Any CPU
		{BE0EA269-7C78-4EC5-ADB9-B89C127DD216}.Release|Any CPU.Build.0 = Release|Any CPU
		{648085C1-B34E-4B6E-9960-64BD99A39742}.Debug|Any CPU.ActiveCfg = Debug|Any CPU
		{648085C1-B34E-4B6E-9960-64BD99A39742}.Debug|Any CPU.Build.0 = Debug|Any CPU
		{648085C1-B34E-4B6E-9960-64BD99A39742}.Release|Any CPU.ActiveCfg = Release|Any CPU
		{648085C1-B34E-4B6E-9960-64BD99A39742}.Release|Any CPU.Build.0 = Release|Any CPU
	EndGlobalSection
	GlobalSection(SolutionProperties) = preSolution
		HideSolutionNode = FALSE
	EndGlobalSection
	GlobalSection(ExtensibilityGlobals) = postSolution
		SolutionGuid = {7B4E0C99-0060-42CF-9EEB-EF5928C93C46}
	EndGlobalSection
EndGlobal
