
Microsoft Visual Studio Solution File, Format Version 12.00
# Visual Studio 15
VisualStudioVersion = 15.0.27703.2000
MinimumVisualStudioVersion = 10.0.40219.1
Project("{FAE04EC0-301F-11D3-BF4B-00C04F79EFBC}") = "01. Stream Progress Info", "01. Stream Progress Info\01. Stream Progress Info.csproj", "{CDE6EC1A-A37E-4EBB-B41B-9A46B3442CDE}"
EndProject
Project("{FAE04EC0-301F-11D3-BF4B-00C04F79EFBC}") = "02. Graphic Editor", "02. Graphic Editor\02. Graphic Editor.csproj", "{F62491C7-7DD2-45F1-B004-D1607DFBCCAB}"
EndProject
Project("{FAE04EC0-301F-11D3-BF4B-00C04F79EFBC}") = "03. Detail Printer", "03. Detail Printer\03. Detail Printer.csproj", "{53F204B4-8394-4FBE-81E6-01FD53B363F9}"
EndProject
Project("{FAE04EC0-301F-11D3-BF4B-00C04F79EFBC}") = "04. Recharge", "04. Recharge\04. Recharge.csproj", "{6859E8C2-AB7F-4EFD-A901-B237AD20A6C9}"
EndProject
Global
	GlobalSection(SolutionConfigurationPlatforms) = preSolution
		Debug|Any CPU = Debug|Any CPU
		Release|Any CPU = Release|Any CPU
	EndGlobalSection
	GlobalSection(ProjectConfigurationPlatforms) = postSolution
		{CDE6EC1A-A37E-4EBB-B41B-9A46B3442CDE}.Debug|Any CPU.ActiveCfg = Debug|Any CPU
		{CDE6EC1A-A37E-4EBB-B41B-9A46B3442CDE}.Debug|Any CPU.Build.0 = Debug|Any CPU
		{CDE6EC1A-A37E-4EBB-B41B-9A46B3442CDE}.Release|Any CPU.ActiveCfg = Release|Any CPU
		{CDE6EC1A-A37E-4EBB-B41B-9A46B3442CDE}.Release|Any CPU.Build.0 = Release|Any CPU
		{F62491C7-7DD2-45F1-B004-D1607DFBCCAB}.Debug|Any CPU.ActiveCfg = Debug|Any CPU
		{F62491C7-7DD2-45F1-B004-D1607DFBCCAB}.Debug|Any CPU.Build.0 = Debug|Any CPU
		{F62491C7-7DD2-45F1-B004-D1607DFBCCAB}.Release|Any CPU.ActiveCfg = Release|Any CPU
		{F62491C7-7DD2-45F1-B004-D1607DFBCCAB}.Release|Any CPU.Build.0 = Release|Any CPU
		{53F204B4-8394-4FBE-81E6-01FD53B363F9}.Debug|Any CPU.ActiveCfg = Debug|Any CPU
		{53F204B4-8394-4FBE-81E6-01FD53B363F9}.Debug|Any CPU.Build.0 = Debug|Any CPU
		{53F204B4-8394-4FBE-81E6-01FD53B363F9}.Release|Any CPU.ActiveCfg = Release|Any CPU
		{53F204B4-8394-4FBE-81E6-01FD53B363F9}.Release|Any CPU.Build.0 = Release|Any CPU
		{6859E8C2-AB7F-4EFD-A901-B237AD20A6C9}.Debug|Any CPU.ActiveCfg = Debug|Any CPU
		{6859E8C2-AB7F-4EFD-A901-B237AD20A6C9}.Debug|Any CPU.Build.0 = Debug|Any CPU
		{6859E8C2-AB7F-4EFD-A901-B237AD20A6C9}.Release|Any CPU.ActiveCfg = Release|Any CPU
		{6859E8C2-AB7F-4EFD-A901-B237AD20A6C9}.Release|Any CPU.Build.0 = Release|Any CPU
	EndGlobalSection
	GlobalSection(SolutionProperties) = preSolution
		HideSolutionNode = FALSE
	EndGlobalSection
	GlobalSection(ExtensibilityGlobals) = postSolution
		SolutionGuid = {7DCA8D00-04A5-4832-98B6-D9EE53F8A077}
	EndGlobalSection
EndGlobal
