
Microsoft Visual Studio Solution File, Format Version 12.00
# Visual Studio 15
VisualStudioVersion = 15.0.27428.2037
MinimumVisualStudioVersion = 10.0.40219.1
Project("{9A19103F-16F7-4668-BE54-9A1E7A4F7556}") = "01. ExcellentResult", "01. ExcellentResult\01. ExcellentResult.csproj", "{01B69005-D1BC-40B5-8089-0E13842B0FE5}"
EndProject
Project("{9A19103F-16F7-4668-BE54-9A1E7A4F7556}") = "02. ExcellentOrNot", "02. ExcellentOrNot\02. ExcellentOrNot.csproj", "{30D00E9B-B1D7-477C-841E-72D262AD7AF5}"
EndProject
Project("{9A19103F-16F7-4668-BE54-9A1E7A4F7556}") = "03. EvenOrOdd", "03. EvenOrOdd\03. EvenOrOdd.csproj", "{EFE12638-135B-4E8F-9465-9AB24AD8075C}"
EndProject
Project("{9A19103F-16F7-4668-BE54-9A1E7A4F7556}") = "04. GreaterNumber", "04. GreaterNumber\04. GreaterNumber.csproj", "{00E4AF7B-58E4-4427-BA60-7C3D89027ADF}"
EndProject
Project("{9A19103F-16F7-4668-BE54-9A1E7A4F7556}") = "05. Number 0-9 to Text", "05. Number 0-9 to Text\05. Number 0-9 to Text.csproj", "{679DDA98-B358-4CCE-8C6E-C50FA9289BF6}"
EndProject
Project("{9A19103F-16F7-4668-BE54-9A1E7A4F7556}") = "06. Bonus Score", "06. Bonus Score\06. Bonus Score.csproj", "{27D79554-A005-48DA-9FE1-8519D100AD80}"
EndProject
Project("{9A19103F-16F7-4668-BE54-9A1E7A4F7556}") = "07. Sum Seconds", "07. Sum Seconds\07. Sum Seconds.csproj", "{46E35B28-ED97-4371-AB52-4AED716D4C79}"
EndProject
Project("{9A19103F-16F7-4668-BE54-9A1E7A4F7556}") = "08. Metric Unit Converter", "08. Metric Unit Converter\08. Metric Unit Converter.csproj", "{5448F3F0-601D-448B-A39A-75243BC830CA}"
EndProject
Project("{9A19103F-16F7-4668-BE54-9A1E7A4F7556}") = "09. Guess The Password", "08. Guess The Password\09. Guess The Password.csproj", "{AC8219FB-FB2D-4711-BBE6-7D5DD3A95702}"
EndProject
Project("{9A19103F-16F7-4668-BE54-9A1E7A4F7556}") = "10. Number 100-200", "10. Number 100-200\10. Number 100-200.csproj", "{A22FAD37-50E3-449B-A21F-513519D0966E}"
EndProject
Project("{FAE04EC0-301F-11D3-BF4B-00C04F79EFBC}") = "11. Same Words", "11. Same Words\11. Same Words.csproj", "{BEA05CA1-D329-4FDB-94A3-D921600DD580}"
EndProject
Project("{FAE04EC0-301F-11D3-BF4B-00C04F79EFBC}") = "12. Speed Info", "12. Speed Info\12. Speed Info.csproj", "{92491606-87C9-4499-92A6-BA8E7A59BC2D}"
EndProject
Project("{FAE04EC0-301F-11D3-BF4B-00C04F79EFBC}") = "13. Area Of Figures", "13. Area Of Figures\13. Area Of Figures.csproj", "{2EC1FB26-549D-4F58-9AB4-5BC7951E8533}"
EndProject
Project("{FAE04EC0-301F-11D3-BF4B-00C04F79EFBC}") = "14. Time Plus 15min", "14. Time Plus 15min\14. Time Plus 15min.csproj", "{ABC408F5-FEB7-4598-B14D-A53C75748C87}"
EndProject
Project("{FAE04EC0-301F-11D3-BF4B-00C04F79EFBC}") = "15. 3 Equal Numbers", "15. 3 Equal Numbers\15. 3 Equal Numbers.csproj", "{F87BA0E5-1D67-4F38-91C2-89D2978BFC69}"
EndProject
Project("{FAE04EC0-301F-11D3-BF4B-00C04F79EFBC}") = "16. Number 0-100 to Text", "16. Number 0-100 to Text\16. Number 0-100 to Text.csproj", "{9E3AD4E4-54E9-426D-82F6-AFF1AFECA179}"
EndProject
Project("{FAE04EC0-301F-11D3-BF4B-00C04F79EFBC}") = "18. Transport Cost", "18. Transport Cost\18. Transport Cost.csproj", "{16D1C315-8122-43A9-8EAF-99A7574CEB54}"
EndProject
Project("{FAE04EC0-301F-11D3-BF4B-00C04F79EFBC}") = "19. Pipes in a Pool", "19. Pipes in a Pool\19. Pipes in a Pool.csproj", "{588F8CC2-1BD3-40AC-B225-8220024D9199}"
EndProject
Project("{FAE04EC0-301F-11D3-BF4B-00C04F79EFBC}") = "20. Sleepy Tom", "20. Sleepy Tom\20. Sleepy Tom.csproj", "{CEBFE302-5B98-40FE-B5A1-C0105D2E0468}"
EndProject
Global
	GlobalSection(SolutionConfigurationPlatforms) = preSolution
		Debug|Any CPU = Debug|Any CPU
		Release|Any CPU = Release|Any CPU
	EndGlobalSection
	GlobalSection(ProjectConfigurationPlatforms) = postSolution
		{01B69005-D1BC-40B5-8089-0E13842B0FE5}.Debug|Any CPU.ActiveCfg = Debug|Any CPU
		{01B69005-D1BC-40B5-8089-0E13842B0FE5}.Debug|Any CPU.Build.0 = Debug|Any CPU
		{01B69005-D1BC-40B5-8089-0E13842B0FE5}.Release|Any CPU.ActiveCfg = Release|Any CPU
		{01B69005-D1BC-40B5-8089-0E13842B0FE5}.Release|Any CPU.Build.0 = Release|Any CPU
		{30D00E9B-B1D7-477C-841E-72D262AD7AF5}.Debug|Any CPU.ActiveCfg = Debug|Any CPU
		{30D00E9B-B1D7-477C-841E-72D262AD7AF5}.Debug|Any CPU.Build.0 = Debug|Any CPU
		{30D00E9B-B1D7-477C-841E-72D262AD7AF5}.Release|Any CPU.ActiveCfg = Release|Any CPU
		{30D00E9B-B1D7-477C-841E-72D262AD7AF5}.Release|Any CPU.Build.0 = Release|Any CPU
		{EFE12638-135B-4E8F-9465-9AB24AD8075C}.Debug|Any CPU.ActiveCfg = Debug|Any CPU
		{EFE12638-135B-4E8F-9465-9AB24AD8075C}.Debug|Any CPU.Build.0 = Debug|Any CPU
		{EFE12638-135B-4E8F-9465-9AB24AD8075C}.Release|Any CPU.ActiveCfg = Release|Any CPU
		{EFE12638-135B-4E8F-9465-9AB24AD8075C}.Release|Any CPU.Build.0 = Release|Any CPU
		{00E4AF7B-58E4-4427-BA60-7C3D89027ADF}.Debug|Any CPU.ActiveCfg = Debug|Any CPU
		{00E4AF7B-58E4-4427-BA60-7C3D89027ADF}.Debug|Any CPU.Build.0 = Debug|Any CPU
		{00E4AF7B-58E4-4427-BA60-7C3D89027ADF}.Release|Any CPU.ActiveCfg = Release|Any CPU
		{00E4AF7B-58E4-4427-BA60-7C3D89027ADF}.Release|Any CPU.Build.0 = Release|Any CPU
		{679DDA98-B358-4CCE-8C6E-C50FA9289BF6}.Debug|Any CPU.ActiveCfg = Debug|Any CPU
		{679DDA98-B358-4CCE-8C6E-C50FA9289BF6}.Debug|Any CPU.Build.0 = Debug|Any CPU
		{679DDA98-B358-4CCE-8C6E-C50FA9289BF6}.Release|Any CPU.ActiveCfg = Release|Any CPU
		{679DDA98-B358-4CCE-8C6E-C50FA9289BF6}.Release|Any CPU.Build.0 = Release|Any CPU
		{27D79554-A005-48DA-9FE1-8519D100AD80}.Debug|Any CPU.ActiveCfg = Debug|Any CPU
		{27D79554-A005-48DA-9FE1-8519D100AD80}.Debug|Any CPU.Build.0 = Debug|Any CPU
		{27D79554-A005-48DA-9FE1-8519D100AD80}.Release|Any CPU.ActiveCfg = Release|Any CPU
		{27D79554-A005-48DA-9FE1-8519D100AD80}.Release|Any CPU.Build.0 = Release|Any CPU
		{46E35B28-ED97-4371-AB52-4AED716D4C79}.Debug|Any CPU.ActiveCfg = Debug|Any CPU
		{46E35B28-ED97-4371-AB52-4AED716D4C79}.Debug|Any CPU.Build.0 = Debug|Any CPU
		{46E35B28-ED97-4371-AB52-4AED716D4C79}.Release|Any CPU.ActiveCfg = Release|Any CPU
		{46E35B28-ED97-4371-AB52-4AED716D4C79}.Release|Any CPU.Build.0 = Release|Any CPU
		{5448F3F0-601D-448B-A39A-75243BC830CA}.Debug|Any CPU.ActiveCfg = Debug|Any CPU
		{5448F3F0-601D-448B-A39A-75243BC830CA}.Debug|Any CPU.Build.0 = Debug|Any CPU
		{5448F3F0-601D-448B-A39A-75243BC830CA}.Release|Any CPU.ActiveCfg = Release|Any CPU
		{5448F3F0-601D-448B-A39A-75243BC830CA}.Release|Any CPU.Build.0 = Release|Any CPU
		{AC8219FB-FB2D-4711-BBE6-7D5DD3A95702}.Debug|Any CPU.ActiveCfg = Debug|Any CPU
		{AC8219FB-FB2D-4711-BBE6-7D5DD3A95702}.Debug|Any CPU.Build.0 = Debug|Any CPU
		{AC8219FB-FB2D-4711-BBE6-7D5DD3A95702}.Release|Any CPU.ActiveCfg = Release|Any CPU
		{AC8219FB-FB2D-4711-BBE6-7D5DD3A95702}.Release|Any CPU.Build.0 = Release|Any CPU
		{A22FAD37-50E3-449B-A21F-513519D0966E}.Debug|Any CPU.ActiveCfg = Debug|Any CPU
		{A22FAD37-50E3-449B-A21F-513519D0966E}.Debug|Any CPU.Build.0 = Debug|Any CPU
		{A22FAD37-50E3-449B-A21F-513519D0966E}.Release|Any CPU.ActiveCfg = Release|Any CPU
		{A22FAD37-50E3-449B-A21F-513519D0966E}.Release|Any CPU.Build.0 = Release|Any CPU
		{BEA05CA1-D329-4FDB-94A3-D921600DD580}.Debug|Any CPU.ActiveCfg = Debug|Any CPU
		{BEA05CA1-D329-4FDB-94A3-D921600DD580}.Debug|Any CPU.Build.0 = Debug|Any CPU
		{BEA05CA1-D329-4FDB-94A3-D921600DD580}.Release|Any CPU.ActiveCfg = Release|Any CPU
		{BEA05CA1-D329-4FDB-94A3-D921600DD580}.Release|Any CPU.Build.0 = Release|Any CPU
		{92491606-87C9-4499-92A6-BA8E7A59BC2D}.Debug|Any CPU.ActiveCfg = Debug|Any CPU
		{92491606-87C9-4499-92A6-BA8E7A59BC2D}.Debug|Any CPU.Build.0 = Debug|Any CPU
		{92491606-87C9-4499-92A6-BA8E7A59BC2D}.Release|Any CPU.ActiveCfg = Release|Any CPU
		{92491606-87C9-4499-92A6-BA8E7A59BC2D}.Release|Any CPU.Build.0 = Release|Any CPU
		{2EC1FB26-549D-4F58-9AB4-5BC7951E8533}.Debug|Any CPU.ActiveCfg = Debug|Any CPU
		{2EC1FB26-549D-4F58-9AB4-5BC7951E8533}.Debug|Any CPU.Build.0 = Debug|Any CPU
		{2EC1FB26-549D-4F58-9AB4-5BC7951E8533}.Release|Any CPU.ActiveCfg = Release|Any CPU
		{2EC1FB26-549D-4F58-9AB4-5BC7951E8533}.Release|Any CPU.Build.0 = Release|Any CPU
		{ABC408F5-FEB7-4598-B14D-A53C75748C87}.Debug|Any CPU.ActiveCfg = Debug|Any CPU
		{ABC408F5-FEB7-4598-B14D-A53C75748C87}.Debug|Any CPU.Build.0 = Debug|Any CPU
		{ABC408F5-FEB7-4598-B14D-A53C75748C87}.Release|Any CPU.ActiveCfg = Release|Any CPU
		{ABC408F5-FEB7-4598-B14D-A53C75748C87}.Release|Any CPU.Build.0 = Release|Any CPU
		{F87BA0E5-1D67-4F38-91C2-89D2978BFC69}.Debug|Any CPU.ActiveCfg = Debug|Any CPU
		{F87BA0E5-1D67-4F38-91C2-89D2978BFC69}.Debug|Any CPU.Build.0 = Debug|Any CPU
		{F87BA0E5-1D67-4F38-91C2-89D2978BFC69}.Release|Any CPU.ActiveCfg = Release|Any CPU
		{F87BA0E5-1D67-4F38-91C2-89D2978BFC69}.Release|Any CPU.Build.0 = Release|Any CPU
		{9E3AD4E4-54E9-426D-82F6-AFF1AFECA179}.Debug|Any CPU.ActiveCfg = Debug|Any CPU
		{9E3AD4E4-54E9-426D-82F6-AFF1AFECA179}.Debug|Any CPU.Build.0 = Debug|Any CPU
		{9E3AD4E4-54E9-426D-82F6-AFF1AFECA179}.Release|Any CPU.ActiveCfg = Release|Any CPU
		{9E3AD4E4-54E9-426D-82F6-AFF1AFECA179}.Release|Any CPU.Build.0 = Release|Any CPU
		{16D1C315-8122-43A9-8EAF-99A7574CEB54}.Debug|Any CPU.ActiveCfg = Debug|Any CPU
		{16D1C315-8122-43A9-8EAF-99A7574CEB54}.Debug|Any CPU.Build.0 = Debug|Any CPU
		{16D1C315-8122-43A9-8EAF-99A7574CEB54}.Release|Any CPU.ActiveCfg = Release|Any CPU
		{16D1C315-8122-43A9-8EAF-99A7574CEB54}.Release|Any CPU.Build.0 = Release|Any CPU
		{588F8CC2-1BD3-40AC-B225-8220024D9199}.Debug|Any CPU.ActiveCfg = Debug|Any CPU
		{588F8CC2-1BD3-40AC-B225-8220024D9199}.Debug|Any CPU.Build.0 = Debug|Any CPU
		{588F8CC2-1BD3-40AC-B225-8220024D9199}.Release|Any CPU.ActiveCfg = Release|Any CPU
		{588F8CC2-1BD3-40AC-B225-8220024D9199}.Release|Any CPU.Build.0 = Release|Any CPU
		{CEBFE302-5B98-40FE-B5A1-C0105D2E0468}.Debug|Any CPU.ActiveCfg = Debug|Any CPU
		{CEBFE302-5B98-40FE-B5A1-C0105D2E0468}.Debug|Any CPU.Build.0 = Debug|Any CPU
		{CEBFE302-5B98-40FE-B5A1-C0105D2E0468}.Release|Any CPU.ActiveCfg = Release|Any CPU
		{CEBFE302-5B98-40FE-B5A1-C0105D2E0468}.Release|Any CPU.Build.0 = Release|Any CPU
	EndGlobalSection
	GlobalSection(SolutionProperties) = preSolution
		HideSolutionNode = FALSE
	EndGlobalSection
	GlobalSection(ExtensibilityGlobals) = postSolution
		SolutionGuid = {BC5AE1A3-7041-45DC-833A-7F5195C58B05}
	EndGlobalSection
EndGlobal
